
Microsoft Visual Studio Solution File, Format Version 12.00
# Visual Studio 2013
VisualStudioVersion = 12.0.31101.0
MinimumVisualStudioVersion = 10.0.40219.1
Project("{FAE04EC0-301F-11D3-BF4B-00C04F79EFBC}") = "MvxMusicStore", "MvxMusicStore\MvxMusicStore.csproj", "{964088CD-60EE-4F25-BC3E-81B61437CFAD}"
EndProject
Project("{FAE04EC0-301F-11D3-BF4B-00C04F79EFBC}") = "MvxMusicStore.Tests", "MvxMusicStore.Tests\MvxMusicStore.Tests.csproj", "{7DC6DA68-BC30-4B50-9383-36BA14BC001A}"
EndProject
Global
	GlobalSection(SolutionConfigurationPlatforms) = preSolution
		Debug|Any CPU = Debug|Any CPU
		Release|Any CPU = Release|Any CPU
	EndGlobalSection
	GlobalSection(ProjectConfigurationPlatforms) = postSolution
		{964088CD-60EE-4F25-BC3E-81B61437CFAD}.Debug|Any CPU.ActiveCfg = Debug|Any CPU
		{964088CD-60EE-4F25-BC3E-81B61437CFAD}.Debug|Any CPU.Build.0 = Debug|Any CPU
		{964088CD-60EE-4F25-BC3E-81B61437CFAD}.Release|Any CPU.ActiveCfg = Release|Any CPU
		{964088CD-60EE-4F25-BC3E-81B61437CFAD}.Release|Any CPU.Build.0 = Release|Any CPU
		{7DC6DA68-BC30-4B50-9383-36BA14BC001A}.Debug|Any CPU.ActiveCfg = Debug|Any CPU
		{7DC6DA68-BC30-4B50-9383-36BA14BC001A}.Debug|Any CPU.Build.0 = Debug|Any CPU
		{7DC6DA68-BC30-4B50-9383-36BA14BC001A}.Release|Any CPU.ActiveCfg = Release|Any CPU
		{7DC6DA68-BC30-4B50-9383-36BA14BC001A}.Release|Any CPU.Build.0 = Release|Any CPU
	EndGlobalSection
	GlobalSection(SolutionProperties) = preSolution
		HideSolutionNode = FALSE
	EndGlobalSection
EndGlobal
